# This file is generated by `lpm install`; do not edit it manually.
version = 2

[[package]]
name = "alicesaidhi/conch"
version = "0.4.0"
environment = "roblox"
link = "Conch"
index = "https://github.com/UpliftGames/wally-index"
type = "zip"
url = "https://api.wally.run/v1/package-contents/alicesaidhi/conch/0.4.0"

[[package]]
name = "alicesaidhi/conch-language"
version = "0.4.0"
environment = "roblox"
index = "https://github.com/UpliftGames/wally-index"
type = "zip"
url = "https://api.wally.run/v1/package-contents/alicesaidhi/conch-language/0.4.0"

[[package]]
name = "alicesaidhi/conch-ui"
version = "0.4.0"
environment = "roblox"
link = "ConchUI"
index = "https://github.com/UpliftGames/wally-index"
type = "zip"
url = "https://api.wally.run/v1/package-contents/alicesaidhi/conch-ui/0.4.0"

[[package]]
name = "centau/vide"
version = "0.4.1"
environment = "roblox"
index = "https://github.com/UpliftGames/wally-index"
type = "zip"
url = "https://api.wally.run/v1/package-contents/centau/vide/0.4.1"

[[package]]
name = "data-oriented-house/squash"
version = "5.0.0"
environment = "roblox"
link = "Squash"
index = "https://github.com/UpliftGames/wally-index"
type = "zip"
url = "https://api.wally.run/v1/package-contents/data-oriented-house/squash/5.0.0"

[[package]]
name = "downrest/typedattribute"
version = "1.0.8"
environment = "roblox"
link = "TypedAttribute"
index = "https://github.com/UpliftGames/wally-index"
type = "zip"
url = "https://api.wally.run/v1/package-contents/downrest/typedattribute/1.0.8"

[[package]]
name = "downrest/typedevent"
version = "1.0.4"
environment = "roblox"
link = "TypedEvent"
index = "https://github.com/UpliftGames/wally-index"
type = "zip"
url = "https://api.wally.run/v1/package-contents/downrest/typedevent/1.0.4"

[[package]]
name = "evaera/promise"
version = "4.0.0"
environment = "roblox"
index = "https://github.com/UpliftGames/wally-index"
type = "zip"
url = "https://api.wally.run/v1/package-contents/evaera/promise/4.0.0"

[[package]]
name = "notiku/qnum"
version = "0.2.1"
environment = "roblox"
link = "QNum"
index = "https://github.com/UpliftGames/wally-index"
type = "zip"
url = "https://api.wally.run/v1/package-contents/notiku/qnum/0.2.1"

[[package]]
name = "nowoshire/namedsignal"
version = "2.3.2"
environment = "roblox"
link = "Signal"
index = "https://github.com/UpliftGames/wally-index"
type = "zip"
url = "https://api.wally.run/v1/package-contents/nowoshire/namedsignal/2.3.2"

[package.patch]
path = "patches/nowoshire_namedsignal@2.3.2.patch"
hash = "84af46ed0bdc8c2d"

[[package]]
name = "osyrisrblx/t"
version = "3.1.1"
environment = "roblox"
link = "t"
index = "https://github.com/UpliftGames/wally-index"
type = "zip"
url = "https://api.wally.run/v1/package-contents/osyrisrblx/t/3.1.1"

[package.patch]
path = "patches/osyrisrblx_t@3.1.1.patch"
hash = "b62522b02221af44"

[[package]]
name = "paradoxum-games/lyra"
version = "0.6.0"
environment = "roblox"
link = "Lyra"
index = "https://github.com/UpliftGames/wally-index"
type = "zip"
url = "https://api.wally.run/v1/package-contents/paradoxum-games/lyra/0.6.0"

[package.patch]
path = "patches/paradoxum-games_lyra@0.6.0.patch"
hash = "d519887e08a76e3d"
