# This file is automatically @generated by Wally.
# It is not intended for manual editing.
registry = "test"

[[package]]
name = "alicesaidhi/conch"
version = "0.4.0-rc.9"
dependencies = [["language", "alicesaidhi/conch-language@0.4.0-rc.9"]]

[[package]]
name = "alicesaidhi/conch-language"
version = "0.4.0-rc.9"
dependencies = []

[[package]]
name = "alicesaidhi/conch-ui"
version = "0.4.0-rc.9"
dependencies = [["conch", "alicesaidhi/conch@0.4.0-rc.9"], ["language", "alicesaidhi/conch-language@0.4.0-rc.9"], ["vide", "centau/vide@0.4.1"]]

[[package]]
name = "centau/vide"
version = "0.4.1"
dependencies = []

[[package]]
name = "downr/buildyourcastle"
version = "0.1.0"
dependencies = [["Conch", "alicesaidhi/conch@0.4.0-rc.9"], ["ConchUI", "alicesaidhi/conch-ui@0.4.0-rc.9"], ["Lyra", "paradoxum-games/lyra@0.6.0"], ["QNum", "notiku/qnum@0.2.1"], ["Signal", "nowoshire/namedsignal@2.3.2"], ["TypedAttribute", "downrest/typedattribute@1.0.8"], ["TypedEvent", "downrest/typedevent@1.0.4"], ["t", "osyrisrblx/t@3.1.1"]]

[[package]]
name = "downrest/typedattribute"
version = "1.0.8"
dependencies = [["Signal", "nowoshire/namedsignal@2.3.2"]]

[[package]]
name = "downrest/typedevent"
version = "1.0.4"
dependencies = []

[[package]]
name = "evaera/promise"
version = "4.0.0"
dependencies = []

[[package]]
name = "notiku/qnum"
version = "0.2.1"
dependencies = []

[[package]]
name = "nowoshire/namedsignal"
version = "2.3.2"
dependencies = []

[[package]]
name = "osyrisrblx/t"
version = "3.1.1"
dependencies = []

[[package]]
name = "paradoxum-games/lyra"
version = "0.6.0"
dependencies = [["Promise", "evaera/promise@4.0.0"], ["t", "osyrisrblx/t@3.1.1"]]
